
Microsoft Visual Studio Solution File, Format Version 12.00
# Visual Studio Version 16
VisualStudioVersion = 16.0.31112.23
MinimumVisualStudioVersion = 10.0.40219.1
Project("{9A19103F-16F7-4668-BE54-9A1E7A4F7556}") = "db", "db\db.csproj", "{D9DE8DAC-6944-4B17-8C4F-82719908A787}"
EndProject
Project("{FAE04EC0-301F-11D3-BF4B-00C04F79EFBC}") = "libs", "labs\libs.csproj", "{DDE965F5-3E84-4C5F-8803-E461AB8B9FD0}"
EndProject
Project("{FAE04EC0-301F-11D3-BF4B-00C04F79EFBC}") = "InternetShop", "InternetShop\InternetShop.csproj", "{F2B46482-BF37-4F1A-AFBC-EC9E12B681EA}"
EndProject
Global
	GlobalSection(SolutionConfigurationPlatforms) = preSolution
		Debug|Any CPU = Debug|Any CPU
		Release|Any CPU = Release|Any CPU
	EndGlobalSection
	GlobalSection(ProjectConfigurationPlatforms) = postSolution
		{D9DE8DAC-6944-4B17-8C4F-82719908A787}.Debug|Any CPU.ActiveCfg = Debug|Any CPU
		{D9DE8DAC-6944-4B17-8C4F-82719908A787}.Debug|Any CPU.Build.0 = Debug|Any CPU
		{D9DE8DAC-6944-4B17-8C4F-82719908A787}.Release|Any CPU.ActiveCfg = Release|Any CPU
		{D9DE8DAC-6944-4B17-8C4F-82719908A787}.Release|Any CPU.Build.0 = Release|Any CPU
		{DDE965F5-3E84-4C5F-8803-E461AB8B9FD0}.Debug|Any CPU.ActiveCfg = Debug|Any CPU
		{DDE965F5-3E84-4C5F-8803-E461AB8B9FD0}.Debug|Any CPU.Build.0 = Debug|Any CPU
		{DDE965F5-3E84-4C5F-8803-E461AB8B9FD0}.Release|Any CPU.ActiveCfg = Release|Any CPU
		{DDE965F5-3E84-4C5F-8803-E461AB8B9FD0}.Release|Any CPU.Build.0 = Release|Any CPU
		{F2B46482-BF37-4F1A-AFBC-EC9E12B681EA}.Debug|Any CPU.ActiveCfg = Debug|Any CPU
		{F2B46482-BF37-4F1A-AFBC-EC9E12B681EA}.Debug|Any CPU.Build.0 = Debug|Any CPU
		{F2B46482-BF37-4F1A-AFBC-EC9E12B681EA}.Release|Any CPU.ActiveCfg = Release|Any CPU
		{F2B46482-BF37-4F1A-AFBC-EC9E12B681EA}.Release|Any CPU.Build.0 = Release|Any CPU
	EndGlobalSection
	GlobalSection(SolutionProperties) = preSolution
		HideSolutionNode = FALSE
	EndGlobalSection
	GlobalSection(ExtensibilityGlobals) = postSolution
		SolutionGuid = {6479EBA5-79B1-4D3B-9ED1-A0E32E097B84}
	EndGlobalSection
EndGlobal
